
Microsoft Visual Studio Solution File, Format Version 12.00
# Visual Studio Version 17
VisualStudioVersion = 17.14.36310.24
MinimumVisualStudioVersion = 10.0.40219.1
Project("{FAE04EC0-301F-11D3-BF4B-00C04F79EFBC}") = "SEMANA3_C#", "SEMANA3_C#\SEMANA3_C#.csproj", "{308A5B76-5A2A-4749-AA7E-0D8153CB750B}"
EndProject
Project("{888888A0-9F3D-457C-B088-3A5042F75D52}") = "SEMANA3_PYTHON", "SEMANA3_PYTHON\SEMANA3_PYTHON.pyproj", "{D6E9D99C-6F81-490E-9587-E27E2E607207}"
EndProject
Project("{888888A0-9F3D-457C-B088-3A5042F75D52}") = "SEMANA4-PY", "SEMANA4-PY\SEMANA4-PY.pyproj", "{61EF0293-B83A-4682-961A-738DEF664CA5}"
EndProject
Project("{FAE04EC0-301F-11D3-BF4B-00C04F79EFBC}") = "SEMANA5_C#", "Semana_5\SEMANA5_C#.csproj", "{C777B694-2706-4F05-88DB-A04022807E6D}"
EndProject
Project("{FAE04EC0-301F-11D3-BF4B-00C04F79EFBC}") = "SEMANA4-C#", "SEMANA4-C#\SEMANA4-C#.csproj", "{7F21D446-6A8C-4166-8332-947D7CB64FF5}"
EndProject
Project("{888888A0-9F3D-457C-B088-3A5042F75D52}") = "SEMANA5_PYTHON", "SEMANA5_PYTHON\SEMANA5_PYTHON.pyproj", "{254C1CA0-3D52-4D84-941D-A87E1DB78CEC}"
EndProject
Project("{888888A0-9F3D-457C-B088-3A5042F75D52}") = "semana_6_PY", "semana_6_PY\semana_6_PY.pyproj", "{1EB8B6E4-373D-49B2-A08C-041A59BD848C}"
EndProject
Project("{888888A0-9F3D-457C-B088-3A5042F75D52}") = "SEMANA_7_PY", "SEMANA_7_PY\SEMANA_7_PY.pyproj", "{705DCDC1-204C-4FEB-B55B-4F3DA815EC71}"
EndProject
Project("{888888A0-9F3D-457C-B088-3A5042F75D52}") = "Semana 8_PY", "Semana 8_PY\Semana 8_PY.pyproj", "{AD1EA526-00C4-413B-8D34-59035CA26F33}"
EndProject
Project("{888888A0-9F3D-457C-B088-3A5042F75D52}") = "semana_9_PY", "semana_9_PY\semana_9_PY.pyproj", "{58197C8E-2CAF-4A02-A208-D7ABF4034056}"
EndProject
Global
	GlobalSection(SolutionConfigurationPlatforms) = preSolution
		Debug|Any CPU = Debug|Any CPU
		Release|Any CPU = Release|Any CPU
	EndGlobalSection
	GlobalSection(ProjectConfigurationPlatforms) = postSolution
		{308A5B76-5A2A-4749-AA7E-0D8153CB750B}.Debug|Any CPU.ActiveCfg = Debug|Any CPU
		{308A5B76-5A2A-4749-AA7E-0D8153CB750B}.Debug|Any CPU.Build.0 = Debug|Any CPU
		{308A5B76-5A2A-4749-AA7E-0D8153CB750B}.Release|Any CPU.ActiveCfg = Release|Any CPU
		{308A5B76-5A2A-4749-AA7E-0D8153CB750B}.Release|Any CPU.Build.0 = Release|Any CPU
		{D6E9D99C-6F81-490E-9587-E27E2E607207}.Debug|Any CPU.ActiveCfg = Debug|Any CPU
		{D6E9D99C-6F81-490E-9587-E27E2E607207}.Release|Any CPU.ActiveCfg = Release|Any CPU
		{61EF0293-B83A-4682-961A-738DEF664CA5}.Debug|Any CPU.ActiveCfg = Debug|Any CPU
		{61EF0293-B83A-4682-961A-738DEF664CA5}.Release|Any CPU.ActiveCfg = Release|Any CPU
		{C777B694-2706-4F05-88DB-A04022807E6D}.Debug|Any CPU.ActiveCfg = Debug|Any CPU
		{C777B694-2706-4F05-88DB-A04022807E6D}.Debug|Any CPU.Build.0 = Debug|Any CPU
		{C777B694-2706-4F05-88DB-A04022807E6D}.Release|Any CPU.ActiveCfg = Release|Any CPU
		{C777B694-2706-4F05-88DB-A04022807E6D}.Release|Any CPU.Build.0 = Release|Any CPU
		{7F21D446-6A8C-4166-8332-947D7CB64FF5}.Debug|Any CPU.ActiveCfg = Debug|Any CPU
		{7F21D446-6A8C-4166-8332-947D7CB64FF5}.Debug|Any CPU.Build.0 = Debug|Any CPU
		{7F21D446-6A8C-4166-8332-947D7CB64FF5}.Release|Any CPU.ActiveCfg = Release|Any CPU
		{7F21D446-6A8C-4166-8332-947D7CB64FF5}.Release|Any CPU.Build.0 = Release|Any CPU
		{254C1CA0-3D52-4D84-941D-A87E1DB78CEC}.Debug|Any CPU.ActiveCfg = Debug|Any CPU
		{254C1CA0-3D52-4D84-941D-A87E1DB78CEC}.Release|Any CPU.ActiveCfg = Release|Any CPU
		{1EB8B6E4-373D-49B2-A08C-041A59BD848C}.Debug|Any CPU.ActiveCfg = Debug|Any CPU
		{1EB8B6E4-373D-49B2-A08C-041A59BD848C}.Release|Any CPU.ActiveCfg = Release|Any CPU
		{705DCDC1-204C-4FEB-B55B-4F3DA815EC71}.Debug|Any CPU.ActiveCfg = Debug|Any CPU
		{705DCDC1-204C-4FEB-B55B-4F3DA815EC71}.Release|Any CPU.ActiveCfg = Release|Any CPU
		{AD1EA526-00C4-413B-8D34-59035CA26F33}.Debug|Any CPU.ActiveCfg = Debug|Any CPU
		{AD1EA526-00C4-413B-8D34-59035CA26F33}.Release|Any CPU.ActiveCfg = Release|Any CPU
		{58197C8E-2CAF-4A02-A208-D7ABF4034056}.Debug|Any CPU.ActiveCfg = Debug|Any CPU
		{58197C8E-2CAF-4A02-A208-D7ABF4034056}.Release|Any CPU.ActiveCfg = Release|Any CPU
	EndGlobalSection
	GlobalSection(SolutionProperties) = preSolution
		HideSolutionNode = FALSE
	EndGlobalSection
	GlobalSection(ExtensibilityGlobals) = postSolution
		SolutionGuid = {76F1D4B6-588F-4FDB-BAD8-E7C26595EBAB}
	EndGlobalSection
EndGlobal
